// !$*UTF8*$!
{
	archiveVersion = 1;
	classes = {
	};
	objectVersion = 46;
	objects = {

/* Begin PBXBuildFile section */
		B18575451DC17F1400759313 /* AppDelegate.swift in Sources */ = {isa = PBXBuildFile; fileRef = B18575441DC17F1400759313 /* AppDelegate.swift */; };
		B18575471DC17F1400759313 /* LoginVC.swift in Sources */ = {isa = PBXBuildFile; fileRef = B18575461DC17F1400759313 /* LoginVC.swift */; };
		B185754A1DC17F1400759313 /* Main.storyboard in Resources */ = {isa = PBXBuildFile; fileRef = B18575481DC17F1400759313 /* Main.storyboard */; };
		B185754C1DC17F1400759313 /* Assets.xcassets in Resources */ = {isa = PBXBuildFile; fileRef = B185754B1DC17F1400759313 /* Assets.xcassets */; };
		B185754F1DC17F1400759313 /* LaunchScreen.storyboard in Resources */ = {isa = PBXBuildFile; fileRef = B185754D1DC17F1400759313 /* LaunchScreen.storyboard */; };
		B18575571DC1805500759313 /* Rounded_Button.swift in Sources */ = {isa = PBXBuildFile; fileRef = B18575561DC1805500759313 /* Rounded_Button.swift */; };
		B185755A1DC180C100759313 /* Rounded_TextFeild.swift in Sources */ = {isa = PBXBuildFile; fileRef = B18575591DC180C100759313 /* Rounded_TextFeild.swift */; };
		B185755F1DC1889300759313 /* Teccher_LoginVC.swift in Sources */ = {isa = PBXBuildFile; fileRef = B185755E1DC1889300759313 /* Teccher_LoginVC.swift */; };
/* End PBXBuildFile section */

/* Begin PBXFileReference section */
		B18575411DC17F1400759313 /* Vocapp.app */ = {isa = PBXFileReference; explicitFileType = wrapper.application; includeInIndex = 0; path = Vocapp.app; sourceTree = BUILT_PRODUCTS_DIR; };
		B18575441DC17F1400759313 /* AppDelegate.swift */ = {isa = PBXFileReference; lastKnownFileType = sourcecode.swift; path = AppDelegate.swift; sourceTree = "<group>"; };
		B18575461DC17F1400759313 /* LoginVC.swift */ = {isa = PBXFileReference; lastKnownFileType = sourcecode.swift; path = LoginVC.swift; sourceTree = "<group>"; };
		B18575491DC17F1400759313 /* Base */ = {isa = PBXFileReference; lastKnownFileType = file.storyboard; name = Base; path = Base.lproj/Main.storyboard; sourceTree = "<group>"; };
		B185754B1DC17F1400759313 /* Assets.xcassets */ = {isa = PBXFileReference; lastKnownFileType = folder.assetcatalog; path = Assets.xcassets; sourceTree = "<group>"; };
		B185754E1DC17F1400759313 /* Base */ = {isa = PBXFileReference; lastKnownFileType = file.storyboard; name = Base; path = Base.lproj/LaunchScreen.storyboard; sourceTree = "<group>"; };
		B18575501DC17F1400759313 /* Info.plist */ = {isa = PBXFileReference; lastKnownFileType = text.plist.xml; path = Info.plist; sourceTree = "<group>"; };
		B18575561DC1805500759313 /* Rounded_Button.swift */ = {isa = PBXFileReference; fileEncoding = 4; lastKnownFileType = sourcecode.swift; path = Rounded_Button.swift; sourceTree = "<group>"; };
		B18575591DC180C100759313 /* Rounded_TextFeild.swift */ = {isa = PBXFileReference; fileEncoding = 4; lastKnownFileType = sourcecode.swift; path = Rounded_TextFeild.swift; sourceTree = "<group>"; };
		B185755E1DC1889300759313 /* Teccher_LoginVC.swift */ = {isa = PBXFileReference; fileEncoding = 4; lastKnownFileType = sourcecode.swift; path = Teccher_LoginVC.swift; sourceTree = "<group>"; };
/* End PBXFileReference section */

/* Begin PBXFrameworksBuildPhase section */
		B185753E1DC17F1300759313 /* Frameworks */ = {
			isa = PBXFrameworksBuildPhase;
			buildActionMask = 2147483647;
			files = (
			);
			runOnlyForDeploymentPostprocessing = 0;
		};
/* End PBXFrameworksBuildPhase section */

/* Begin PBXGroup section */
		B18575381DC17F1300759313 = {
			isa = PBXGroup;
			children = (
				B18575431DC17F1400759313 /* Vocapp */,
				B18575421DC17F1400759313 /* Products */,
			);
			sourceTree = "<group>";
		};
		B18575421DC17F1400759313 /* Products */ = {
			isa = PBXGroup;
			children = (
				B18575411DC17F1400759313 /* Vocapp.app */,
			);
			name = Products;
			sourceTree = "<group>";
		};
		B18575431DC17F1400759313 /* Vocapp */ = {
			isa = PBXGroup;
			children = (
				B185755D1DC1836300759313 /* View Controllers */,
				B185755B1DC1833000759313 /* Storyboards */,
				B18575581DC1805900759313 /* Styles */,
				B185755C1DC1834500759313 /* Supporting Files */,
			);
			path = Vocapp;
			sourceTree = "<group>";
		};
		B18575581DC1805900759313 /* Styles */ = {
			isa = PBXGroup;
			children = (
				B18575561DC1805500759313 /* Rounded_Button.swift */,
				B18575591DC180C100759313 /* Rounded_TextFeild.swift */,
			);
			name = Styles;
			sourceTree = "<group>";
		};
		B185755B1DC1833000759313 /* Storyboards */ = {
			isa = PBXGroup;
			children = (
				B18575481DC17F1400759313 /* Main.storyboard */,
			);
			name = Storyboards;
			sourceTree = "<group>";
		};
		B185755C1DC1834500759313 /* Supporting Files */ = {
			isa = PBXGroup;
			children = (
				B185754B1DC17F1400759313 /* Assets.xcassets */,
				B18575441DC17F1400759313 /* AppDelegate.swift */,
				B185754D1DC17F1400759313 /* LaunchScreen.storyboard */,
				B18575501DC17F1400759313 /* Info.plist */,
			);
			name = "Supporting Files";
			sourceTree = "<group>";
		};
		B185755D1DC1836300759313 /* View Controllers */ = {
			isa = PBXGroup;
			children = (
				B18575461DC17F1400759313 /* LoginVC.swift */,
				B185755E1DC1889300759313 /* Teccher_LoginVC.swift */,
			);
			name = "View Controllers";
			sourceTree = "<group>";
		};
/* End PBXGroup section */

/* Begin PBXNativeTarget section */
		B18575401DC17F1300759313 /* Vocapp */ = {
			isa = PBXNativeTarget;
			buildConfigurationList = B18575531DC17F1400759313 /* Build configuration list for PBXNativeTarget "Vocapp" */;
			buildPhases = (
				B185753D1DC17F1300759313 /* Sources */,
				B185753E1DC17F1300759313 /* Frameworks */,
				B185753F1DC17F1300759313 /* Resources */,
			);
			buildRules = (
			);
			dependencies = (
			);
			name = Vocapp;
			productName = Vocapp;
			productReference = B18575411DC17F1400759313 /* Vocapp.app */;
			productType = "com.apple.product-type.application";
		};
/* End PBXNativeTarget section */

/* Begin PBXProject section */
		B18575391DC17F1300759313 /* Project object */ = {
			isa = PBXProject;
			attributes = {
				LastSwiftUpdateCheck = 0800;
				LastUpgradeCheck = 0800;
				ORGANIZATIONNAME = "Abstract Apps";
				TargetAttributes = {
					B18575401DC17F1300759313 = {
						CreatedOnToolsVersion = 8.0;
						DevelopmentTeam = 723YBZ5VD3;
						ProvisioningStyle = Automatic;
					};
				};
			};
			buildConfigurationList = B185753C1DC17F1300759313 /* Build configuration list for PBXProject "Vocapp" */;
			compatibilityVersion = "Xcode 3.2";
			developmentRegion = English;
			hasScannedForEncodings = 0;
			knownRegions = (
				en,
				Base,
			);
			mainGroup = B18575381DC17F1300759313;
			productRefGroup = B18575421DC17F1400759313 /* Products */;
			projectDirPath = "";
			projectRoot = "";
			targets = (
				B18575401DC17F1300759313 /* Vocapp */,
			);
		};
/* End PBXProject section */

/* Begin PBXResourcesBuildPhase section */
		B185753F1DC17F1300759313 /* Resources */ = {
			isa = PBXResourcesBuildPhase;
			buildActionMask = 2147483647;
			files = (
				B185754F1DC17F1400759313 /* LaunchScreen.storyboard in Resources */,
				B185754C1DC17F1400759313 /* Assets.xcassets in Resources */,
				B185754A1DC17F1400759313 /* Main.storyboard in Resources */,
			);
			runOnlyForDeploymentPostprocessing = 0;
		};
/* End PBXResourcesBuildPhase section */

/* Begin PBXSourcesBuildPhase section */
		B185753D1DC17F1300759313 /* Sources */ = {
			isa = PBXSourcesBuildPhase;
			buildActionMask = 2147483647;
			files = (
				B18575471DC17F1400759313 /* LoginVC.swift in Sources */,
				B185755F1DC1889300759313 /* Teccher_LoginVC.swift in Sources */,
				B18575451DC17F1400759313 /* AppDelegate.swift in Sources */,
				B18575571DC1805500759313 /* Rounded_Button.swift in Sources */,
				B185755A1DC180C100759313 /* Rounded_TextFeild.swift in Sources */,
			);
			runOnlyForDeploymentPostprocessing = 0;
		};
/* End PBXSourcesBuildPhase section */

/* Begin PBXVariantGroup section */
		B18575481DC17F1400759313 /* Main.storyboard */ = {
			isa = PBXVariantGroup;
			children = (
				B18575491DC17F1400759313 /* Base */,
			);
			name = Main.storyboard;
			sourceTree = "<group>";
		};
		B185754D1DC17F1400759313 /* LaunchScreen.storyboard */ = {
			isa = PBXVariantGroup;
			children = (
				B185754E1DC17F1400759313 /* Base */,
			);
			name = LaunchScreen.storyboard;
			sourceTree = "<group>";
		};
/* End PBXVariantGroup section */

/* Begin XCBuildConfiguration section */
		B18575511DC17F1400759313 /* Debug */ = {
			isa = XCBuildConfiguration;
			buildSettings = {
				ALWAYS_SEARCH_USER_PATHS = NO;
				CLANG_ANALYZER_NONNULL = YES;
				CLANG_CXX_LANGUAGE_STANDARD = "gnu++0x";
				CLANG_CXX_LIBRARY = "libc++";
				CLANG_ENABLE_MODULES = YES;
				CLANG_ENABLE_OBJC_ARC = YES;
				CLANG_WARN_BOOL_CONVERSION = YES;
				CLANG_WARN_CONSTANT_CONVERSION = YES;
				CLANG_WARN_DIRECT_OBJC_ISA_USAGE = YES_ERROR;
				CLANG_WARN_DOCUMENTATION_COMMENTS = YES;
				CLANG_WARN_EMPTY_BODY = YES;
				CLANG_WARN_ENUM_CONVERSION = YES;
				CLANG_WARN_INFINITE_RECURSION = YES;
				CLANG_WARN_INT_CONVERSION = YES;
				CLANG_WARN_OBJC_ROOT_CLASS = YES_ERROR;
				CLANG_WARN_SUSPICIOUS_MOVES = YES;
				CLANG_WARN_UNREACHABLE_CODE = YES;
				CLANG_WARN__DUPLICATE_METHOD_MATCH = YES;
				"CODE_SIGN_IDENTITY[sdk=iphoneos*]" = "iPhone Developer";
				COPY_PHASE_STRIP = NO;
				DEBUG_INFORMATION_FORMAT = dwarf;
				ENABLE_STRICT_OBJC_MSGSEND = YES;
				ENABLE_TESTABILITY = YES;
				GCC_C_LANGUAGE_STANDARD = gnu99;
				GCC_DYNAMIC_NO_PIC = NO;
				GCC_NO_COMMON_BLOCKS = YES;
				GCC_OPTIMIZATION_LEVEL = 0;
				GCC_PREPROCESSOR_DEFINITIONS = (
					"DEBUG=1",
					"$(inherited)",
				);
				GCC_WARN_64_TO_32_BIT_CONVERSION = YES;
				GCC_WARN_ABOUT_RETURN_TYPE = YES_ERROR;
				GCC_WARN_UNDECLARED_SELECTOR = YES;
				GCC_WARN_UNINITIALIZED_AUTOS = YES_AGGRESSIVE;
				GCC_WARN_UNUSED_FUNCTION = YES;
				GCC_WARN_UNUSED_VARIABLE = YES;
				IPHONEOS_DEPLOYMENT_TARGET = 10.0;
				MTL_ENABLE_DEBUG_INFO = YES;
				ONLY_ACTIVE_ARCH = YES;
				SDKROOT = iphoneos;
				SWIFT_ACTIVE_COMPILATION_CONDITIONS = DEBUG;
				SWIFT_OPTIMIZATION_LEVEL = "-Onone";
			};
			name = Debug;
		};
		B18575521DC17F1400759313 /* Release */ = {
			isa = XCBuildConfiguration;
			buildSettings = {
				ALWAYS_SEARCH_USER_PATHS = NO;
				CLANG_ANALYZER_NONNULL = YES;
				CLANG_CXX_LANGUAGE_STANDARD = "gnu++0x";
				CLANG_CXX_LIBRARY = "libc++";
				CLANG_ENABLE_MODULES = YES;
				CLANG_ENABLE_OBJC_ARC = YES;
				CLANG_WARN_BOOL_CONVERSION = YES;
				CLANG_WARN_CONSTANT_CONVERSION = YES;
				CLANG_WARN_DIRECT_OBJC_ISA_USAGE = YES_ERROR;
				CLANG_WARN_DOCUMENTATION_COMMENTS = YES;
				CLANG_WARN_EMPTY_BODY = YES;
				CLANG_WARN_ENUM_CONVERSION = YES;
				CLANG_WARN_INFINITE_RECURSION = YES;
				CLANG_WARN_INT_CONVERSION = YES;
				CLANG_WARN_OBJC_ROOT_CLASS = YES_ERROR;
				CLANG_WARN_SUSPICIOUS_MOVES = YES;
				CLANG_WARN_UNREACHABLE_CODE = YES;
				CLANG_WARN__DUPLICATE_METHOD_MATCH = YES;
				"CODE_SIGN_IDENTITY[sdk=iphoneos*]" = "iPhone Developer";
				COPY_PHASE_STRIP = NO;
				DEBUG_INFORMATION_FORMAT = "dwarf-with-dsym";
				ENABLE_NS_ASSERTIONS = NO;
				ENABLE_STRICT_OBJC_MSGSEND = YES;
				GCC_C_LANGUAGE_STANDARD = gnu99;
				GCC_NO_COMMON_BLOCKS = YES;
				GCC_WARN_64_TO_32_BIT_CONVERSION = YES;
				GCC_WARN_ABOUT_RETURN_TYPE = YES_ERROR;
				GCC_WARN_UNDECLARED_SELECTOR = YES;
				GCC_WARN_UNINITIALIZED_AUTOS = YES_AGGRESSIVE;
				GCC_WARN_UNUSED_FUNCTION = YES;
				GCC_WARN_UNUSED_VARIABLE = YES;
				IPHONEOS_DEPLOYMENT_TARGET = 10.0;
				MTL_ENABLE_DEBUG_INFO = NO;
				SDKROOT = iphoneos;
				SWIFT_OPTIMIZATION_LEVEL = "-Owholemodule";
				VALIDATE_PRODUCT = YES;
			};
			name = Release;
		};
		B18575541DC17F1400759313 /* Debug */ = {
			isa = XCBuildConfiguration;
			buildSettings = {
				ASSETCATALOG_COMPILER_APPICON_NAME = AppIcon;
				DEVELOPMENT_TEAM = 723YBZ5VD3;
				INFOPLIST_FILE = Vocapp/Info.plist;
				IPHONEOS_DEPLOYMENT_TARGET = 9.0;
				LD_RUNPATH_SEARCH_PATHS = "$(inherited) @executable_path/Frameworks";
				PRODUCT_BUNDLE_IDENTIFIER = com.abstractapps.Vocapp;
				PRODUCT_NAME = "$(TARGET_NAME)";
				SWIFT_VERSION = 3.0;
			};
			name = Debug;
		};
		B18575551DC17F1400759313 /* Release */ = {
			isa = XCBuildConfiguration;
			buildSettings = {
				ASSETCATALOG_COMPILER_APPICON_NAME = AppIcon;
				DEVELOPMENT_TEAM = 723YBZ5VD3;
				INFOPLIST_FILE = Vocapp/Info.plist;
				IPHONEOS_DEPLOYMENT_TARGET = 9.0;
				LD_RUNPATH_SEARCH_PATHS = "$(inherited) @executable_path/Frameworks";
				PRODUCT_BUNDLE_IDENTIFIER = com.abstractapps.Vocapp;
				PRODUCT_NAME = "$(TARGET_NAME)";
				SWIFT_VERSION = 3.0;
			};
			name = Release;
		};
/* End XCBuildConfiguration section */

/* Begin XCConfigurationList section */
		B185753C1DC17F1300759313 /* Build configuration list for PBXProject "Vocapp" */ = {
			isa = XCConfigurationList;
			buildConfigurations = (
				B18575511DC17F1400759313 /* Debug */,
				B18575521DC17F1400759313 /* Release */,
			);
			defaultConfigurationIsVisible = 0;
			defaultConfigurationName = Release;
		};
		B18575531DC17F1400759313 /* Build configuration list for PBXNativeTarget "Vocapp" */ = {
			isa = XCConfigurationList;
			buildConfigurations = (
				B18575541DC17F1400759313 /* Debug */,
				B18575551DC17F1400759313 /* Release */,
			);
			defaultConfigurationIsVisible = 0;
		};
/* End XCConfigurationList section */
	};
	rootObject = B18575391DC17F1300759313 /* Project object */;
}
